
Microsoft Visual Studio Solution File, Format Version 12.00
# Visual Studio Version 17
VisualStudioVersion = 17.4.33122.133
MinimumVisualStudioVersion = 10.0.40219.1
Project("{9A19103F-16F7-4668-BE54-9A1E7A4F7556}") = "SMBTools.Contract", "SMBTools.Contract\SMBTools.Contract.csproj", "{1AA2A35A-AEC4-4C30-84E6-CB0269AA4D27}"
EndProject
Project("{9A19103F-16F7-4668-BE54-9A1E7A4F7556}") = "SMBTools.Web.BLL", "SMBTools.Web\SMBTools.Web.BLL\SMBTools.Web.BLL.csproj", "{72E6218E-D5BA-4384-B2AC-76715E995496}"
EndProject
Project("{9A19103F-16F7-4668-BE54-9A1E7A4F7556}") = "SMBTools.Web.Common", "SMBTools.Web\SMBTools.Web.Common\SMBTools.Web.Common.csproj", "{78A29155-ED14-4A50-9A46-DBB8C33960A5}"
EndProject
Project("{9A19103F-16F7-4668-BE54-9A1E7A4F7556}") = "SMBTools.Web.DAL", "SMBTools.Web\SMBTools.Web.DAL\SMBTools.Web.DAL.csproj", "{23653136-9C84-46BC-BD45-821AEC5AAD79}"
EndProject
Project("{9A19103F-16F7-4668-BE54-9A1E7A4F7556}") = "SMBTools.Web.Test", "SMBTools.Web\SMBTools.Web.Test\SMBTools.Web.Test.csproj", "{45D535DC-635C-40AF-B787-83F818D4CE31}"
EndProject
Project("{9A19103F-16F7-4668-BE54-9A1E7A4F7556}") = "SMBTools.Web.Api", "SMBTools.Web\SMBTools.Web.Api\SMBTools.Web.Api.csproj", "{6954EBE3-B984-49BC-B2BF-8B914A22C10D}"
EndProject
Global
	GlobalSection(SolutionConfigurationPlatforms) = preSolution
		Debug|Any CPU = Debug|Any CPU
		Release|Any CPU = Release|Any CPU
	EndGlobalSection
	GlobalSection(ProjectConfigurationPlatforms) = postSolution
		{1AA2A35A-AEC4-4C30-84E6-CB0269AA4D27}.Debug|Any CPU.ActiveCfg = Debug|Any CPU
		{1AA2A35A-AEC4-4C30-84E6-CB0269AA4D27}.Debug|Any CPU.Build.0 = Debug|Any CPU
		{1AA2A35A-AEC4-4C30-84E6-CB0269AA4D27}.Release|Any CPU.ActiveCfg = Release|Any CPU
		{1AA2A35A-AEC4-4C30-84E6-CB0269AA4D27}.Release|Any CPU.Build.0 = Release|Any CPU
		{72E6218E-D5BA-4384-B2AC-76715E995496}.Debug|Any CPU.ActiveCfg = Debug|Any CPU
		{72E6218E-D5BA-4384-B2AC-76715E995496}.Debug|Any CPU.Build.0 = Debug|Any CPU
		{72E6218E-D5BA-4384-B2AC-76715E995496}.Release|Any CPU.ActiveCfg = Release|Any CPU
		{72E6218E-D5BA-4384-B2AC-76715E995496}.Release|Any CPU.Build.0 = Release|Any CPU
		{78A29155-ED14-4A50-9A46-DBB8C33960A5}.Debug|Any CPU.ActiveCfg = Debug|Any CPU
		{78A29155-ED14-4A50-9A46-DBB8C33960A5}.Debug|Any CPU.Build.0 = Debug|Any CPU
		{78A29155-ED14-4A50-9A46-DBB8C33960A5}.Release|Any CPU.ActiveCfg = Release|Any CPU
		{78A29155-ED14-4A50-9A46-DBB8C33960A5}.Release|Any CPU.Build.0 = Release|Any CPU
		{23653136-9C84-46BC-BD45-821AEC5AAD79}.Debug|Any CPU.ActiveCfg = Debug|Any CPU
		{23653136-9C84-46BC-BD45-821AEC5AAD79}.Debug|Any CPU.Build.0 = Debug|Any CPU
		{23653136-9C84-46BC-BD45-821AEC5AAD79}.Release|Any CPU.ActiveCfg = Release|Any CPU
		{23653136-9C84-46BC-BD45-821AEC5AAD79}.Release|Any CPU.Build.0 = Release|Any CPU
		{45D535DC-635C-40AF-B787-83F818D4CE31}.Debug|Any CPU.ActiveCfg = Debug|Any CPU
		{45D535DC-635C-40AF-B787-83F818D4CE31}.Debug|Any CPU.Build.0 = Debug|Any CPU
		{45D535DC-635C-40AF-B787-83F818D4CE31}.Release|Any CPU.ActiveCfg = Release|Any CPU
		{45D535DC-635C-40AF-B787-83F818D4CE31}.Release|Any CPU.Build.0 = Release|Any CPU
		{6954EBE3-B984-49BC-B2BF-8B914A22C10D}.Debug|Any CPU.ActiveCfg = Debug|Any CPU
		{6954EBE3-B984-49BC-B2BF-8B914A22C10D}.Debug|Any CPU.Build.0 = Debug|Any CPU
		{6954EBE3-B984-49BC-B2BF-8B914A22C10D}.Release|Any CPU.ActiveCfg = Release|Any CPU
		{6954EBE3-B984-49BC-B2BF-8B914A22C10D}.Release|Any CPU.Build.0 = Release|Any CPU
	EndGlobalSection
	GlobalSection(SolutionProperties) = preSolution
		HideSolutionNode = FALSE
	EndGlobalSection
	GlobalSection(ExtensibilityGlobals) = postSolution
		SolutionGuid = {DF09BF4E-D998-47DB-9419-62C9DE21BC1A}
	EndGlobalSection
EndGlobal
